
Microsoft Visual Studio Solution File, Format Version 12.00
# Visual Studio Version 16
VisualStudioVersion = 16.0.31410.357
MinimumVisualStudioVersion = 10.0.40219.1
Project("{9A19103F-16F7-4668-BE54-9A1E7A4F7556}") = "snap", "snap\snap.csproj", "{DCB67087-5CBA-49E5-9AC9-F968F344FA68}"
EndProject
Global
	GlobalSection(SolutionConfigurationPlatforms) = preSolution
		Debug|Any CPU = Debug|Any CPU
		Release|Any CPU = Release|Any CPU
	EndGlobalSection
	GlobalSection(ProjectConfigurationPlatforms) = postSolution
		{DCB67087-5CBA-49E5-9AC9-F968F344FA68}.Debug|Any CPU.ActiveCfg = Debug|Any CPU
		{DCB67087-5CBA-49E5-9AC9-F968F344FA68}.Debug|Any CPU.Build.0 = Debug|Any CPU
		{DCB67087-5CBA-49E5-9AC9-F968F344FA68}.Release|Any CPU.ActiveCfg = Release|Any CPU
		{DCB67087-5CBA-49E5-9AC9-F968F344FA68}.Release|Any CPU.Build.0 = Release|Any CPU
	EndGlobalSection
	GlobalSection(SolutionProperties) = preSolution
		HideSolutionNode = FALSE
	EndGlobalSection
	GlobalSection(ExtensibilityGlobals) = postSolution
		SolutionGuid = {618822D0-81DD-45C4-A92D-862AFE3BF48D}
	EndGlobalSection
EndGlobal
